
Microsoft Visual Studio Solution File, Format Version 12.00
# Visual Studio Version 16
VisualStudioVersion = 16.0.34031.81
MinimumVisualStudioVersion = 10.0.40219.1
Project("{9A19103F-16F7-4668-BE54-9A1E7A4F7556}") = "WebBanHang", "WebBanHang\WebBanHang.csproj", "{A983EAF5-1E75-4A32-9F50-01F59C88E043}"
EndProject
Global
	GlobalSection(SolutionConfigurationPlatforms) = preSolution
		Debug|Any CPU = Debug|Any CPU
		Release|Any CPU = Release|Any CPU
	EndGlobalSection
	GlobalSection(ProjectConfigurationPlatforms) = postSolution
		{A983EAF5-1E75-4A32-9F50-01F59C88E043}.Debug|Any CPU.ActiveCfg = Debug|Any CPU
		{A983EAF5-1E75-4A32-9F50-01F59C88E043}.Debug|Any CPU.Build.0 = Debug|Any CPU
		{A983EAF5-1E75-4A32-9F50-01F59C88E043}.Release|Any CPU.ActiveCfg = Release|Any CPU
		{A983EAF5-1E75-4A32-9F50-01F59C88E043}.Release|Any CPU.Build.0 = Release|Any CPU
	EndGlobalSection
	GlobalSection(SolutionProperties) = preSolution
		HideSolutionNode = FALSE
	EndGlobalSection
	GlobalSection(ExtensibilityGlobals) = postSolution
		SolutionGuid = {123910AC-A4FF-49E5-B2AF-78D23E912FFD}
	EndGlobalSection
EndGlobal
